
Microsoft Visual Studio Solution File, Format Version 12.00
# Visual Studio 15
VisualStudioVersion = 15.0.28010.2050
MinimumVisualStudioVersion = 10.0.40219.1
Project("{FAE04EC0-301F-11D3-BF4B-00C04F79EFBC}") = "App1Xamarin.Android", "App1Xamarin\App1Xamarin.Android\App1Xamarin.Android.csproj", "{8C219229-96D5-4280-8E08-6B07C77C3685}"
EndProject
Project("{FAE04EC0-301F-11D3-BF4B-00C04F79EFBC}") = "App1Xamarin.iOS", "App1Xamarin\App1Xamarin.iOS\App1Xamarin.iOS.csproj", "{B23FA72D-7930-4FD9-A4AB-4E944036F390}"
EndProject
Project("{FAE04EC0-301F-11D3-BF4B-00C04F79EFBC}") = "App1Xamarin.UWP", "App1Xamarin\App1Xamarin.UWP\App1Xamarin.UWP.csproj", "{6B4C1830-9C06-47DF-A933-7424D8FE0DD1}"
EndProject
Project("{FAE04EC0-301F-11D3-BF4B-00C04F79EFBC}") = "App1Xamarin", "App1Xamarin\App1Xamarin\App1Xamarin.csproj", "{D79608C5-4FF7-4CCD-8609-578AAEA3830F}"
EndProject
Global
	GlobalSection(SolutionConfigurationPlatforms) = preSolution
		Ad-Hoc|Any CPU = Ad-Hoc|Any CPU
		Ad-Hoc|ARM = Ad-Hoc|ARM
		Ad-Hoc|iPhone = Ad-Hoc|iPhone
		Ad-Hoc|iPhoneSimulator = Ad-Hoc|iPhoneSimulator
		Ad-Hoc|x64 = Ad-Hoc|x64
		Ad-Hoc|x86 = Ad-Hoc|x86
		AppStore|Any CPU = AppStore|Any CPU
		AppStore|ARM = AppStore|ARM
		AppStore|iPhone = AppStore|iPhone
		AppStore|iPhoneSimulator = AppStore|iPhoneSimulator
		AppStore|x64 = AppStore|x64
		AppStore|x86 = AppStore|x86
		Debug|Any CPU = Debug|Any CPU
		Debug|ARM = Debug|ARM
		Debug|iPhone = Debug|iPhone
		Debug|iPhoneSimulator = Debug|iPhoneSimulator
		Debug|x64 = Debug|x64
		Debug|x86 = Debug|x86
		Release|Any CPU = Release|Any CPU
		Release|ARM = Release|ARM
		Release|iPhone = Release|iPhone
		Release|iPhoneSimulator = Release|iPhoneSimulator
		Release|x64 = Release|x64
		Release|x86 = Release|x86
	EndGlobalSection
	GlobalSection(ProjectConfigurationPlatforms) = postSolution
		{8C219229-96D5-4280-8E08-6B07C77C3685}.Ad-Hoc|Any CPU.ActiveCfg = Release|Any CPU
		{8C219229-96D5-4280-8E08-6B07C77C3685}.Ad-Hoc|Any CPU.Build.0 = Release|Any CPU
		{8C219229-96D5-4280-8E08-6B07C77C3685}.Ad-Hoc|Any CPU.Deploy.0 = Release|Any CPU
		{8C219229-96D5-4280-8E08-6B07C77C3685}.Ad-Hoc|ARM.ActiveCfg = Release|Any CPU
		{8C219229-96D5-4280-8E08-6B07C77C3685}.Ad-Hoc|ARM.Build.0 = Release|Any CPU
		{8C219229-96D5-4280-8E08-6B07C77C3685}.Ad-Hoc|ARM.Deploy.0 = Release|Any CPU
		{8C219229-96D5-4280-8E08-6B07C77C3685}.Ad-Hoc|iPhone.ActiveCfg = Release|Any CPU
		{8C219229-96D5-4280-8E08-6B07C77C3685}.Ad-Hoc|iPhone.Build.0 = Release|Any CPU
		{8C219229-96D5-4280-8E08-6B07C77C3685}.Ad-Hoc|iPhone.Deploy.0 = Release|Any CPU
		{8C219229-96D5-4280-8E08-6B07C77C3685}.Ad-Hoc|iPhoneSimulator.ActiveCfg = Release|Any CPU
		{8C219229-96D5-4280-8E08-6B07C77C3685}.Ad-Hoc|iPhoneSimulator.Build.0 = Release|Any CPU
		{8C219229-96D5-4280-8E08-6B07C77C3685}.Ad-Hoc|iPhoneSimulator.Deploy.0 = Release|Any CPU
		{8C219229-96D5-4280-8E08-6B07C77C3685}.Ad-Hoc|x64.ActiveCfg = Release|Any CPU
		{8C219229-96D5-4280-8E08-6B07C77C3685}.Ad-Hoc|x64.Build.0 = Release|Any CPU
		{8C219229-96D5-4280-8E08-6B07C77C3685}.Ad-Hoc|x64.Deploy.0 = Release|Any CPU
		{8C219229-96D5-4280-8E08-6B07C77C3685}.Ad-Hoc|x86.ActiveCfg = Release|Any CPU
		{8C219229-96D5-4280-8E08-6B07C77C3685}.Ad-Hoc|x86.Build.0 = Release|Any CPU
		{8C219229-96D5-4280-8E08-6B07C77C3685}.Ad-Hoc|x86.Deploy.0 = Release|Any CPU
		{8C219229-96D5-4280-8E08-6B07C77C3685}.AppStore|Any CPU.ActiveCfg = Release|Any CPU
		{8C219229-96D5-4280-8E08-6B07C77C3685}.AppStore|Any CPU.Build.0 = Release|Any CPU
		{8C219229-96D5-4280-8E08-6B07C77C3685}.AppStore|Any CPU.Deploy.0 = Release|Any CPU
		{8C219229-96D5-4280-8E08-6B07C77C3685}.AppStore|ARM.ActiveCfg = Release|Any CPU
		{8C219229-96D5-4280-8E08-6B07C77C3685}.AppStore|ARM.Build.0 = Release|Any CPU
		{8C219229-96D5-4280-8E08-6B07C77C3685}.AppStore|ARM.Deploy.0 = Release|Any CPU
		{8C219229-96D5-4280-8E08-6B07C77C3685}.AppStore|iPhone.ActiveCfg = Release|Any CPU
		{8C219229-96D5-4280-8E08-6B07C77C3685}.AppStore|iPhone.Build.0 = Release|Any CPU
		{8C219229-96D5-4280-8E08-6B07C77C3685}.AppStore|iPhone.Deploy.0 = Release|Any CPU
		{8C219229-96D5-4280-8E08-6B07C77C3685}.AppStore|iPhoneSimulator.ActiveCfg = Release|Any CPU
		{8C219229-96D5-4280-8E08-6B07C77C3685}.AppStore|iPhoneSimulator.Build.0 = Release|Any CPU
		{8C219229-96D5-4280-8E08-6B07C77C3685}.AppStore|iPhoneSimulator.Deploy.0 = Release|Any CPU
		{8C219229-96D5-4280-8E08-6B07C77C3685}.AppStore|x64.ActiveCfg = Release|Any CPU
		{8C219229-96D5-4280-8E08-6B07C77C3685}.AppStore|x64.Build.0 = Release|Any CPU
		{8C219229-96D5-4280-8E08-6B07C77C3685}.AppStore|x64.Deploy.0 = Release|Any CPU
		{8C219229-96D5-4280-8E08-6B07C77C3685}.AppStore|x86.ActiveCfg = Release|Any CPU
		{8C219229-96D5-4280-8E08-6B07C77C3685}.AppStore|x86.Build.0 = Release|Any CPU
		{8C219229-96D5-4280-8E08-6B07C77C3685}.AppStore|x86.Deploy.0 = Release|Any CPU
		{8C219229-96D5-4280-8E08-6B07C77C3685}.Debug|Any CPU.ActiveCfg = Debug|Any CPU
		{8C219229-96D5-4280-8E08-6B07C77C3685}.Debug|Any CPU.Build.0 = Debug|Any CPU
		{8C219229-96D5-4280-8E08-6B07C77C3685}.Debug|Any CPU.Deploy.0 = Debug|Any CPU
		{8C219229-96D5-4280-8E08-6B07C77C3685}.Debug|ARM.ActiveCfg = Debug|Any CPU
		{8C219229-96D5-4280-8E08-6B07C77C3685}.Debug|ARM.Build.0 = Debug|Any CPU
		{8C219229-96D5-4280-8E08-6B07C77C3685}.Debug|ARM.Deploy.0 = Debug|Any CPU
		{8C219229-96D5-4280-8E08-6B07C77C3685}.Debug|iPhone.ActiveCfg = Debug|Any CPU
		{8C219229-96D5-4280-8E08-6B07C77C3685}.Debug|iPhone.Build.0 = Debug|Any CPU
		{8C219229-96D5-4280-8E08-6B07C77C3685}.Debug|iPhone.Deploy.0 = Debug|Any CPU
		{8C219229-96D5-4280-8E08-6B07C77C3685}.Debug|iPhoneSimulator.ActiveCfg = Debug|Any CPU
		{8C219229-96D5-4280-8E08-6B07C77C3685}.Debug|iPhoneSimulator.Build.0 = Debug|Any CPU
		{8C219229-96D5-4280-8E08-6B07C77C3685}.Debug|iPhoneSimulator.Deploy.0 = Debug|Any CPU
		{8C219229-96D5-4280-8E08-6B07C77C3685}.Debug|x64.ActiveCfg = Debug|Any CPU
		{8C219229-96D5-4280-8E08-6B07C77C3685}.Debug|x64.Build.0 = Debug|Any CPU
		{8C219229-96D5-4280-8E08-6B07C77C3685}.Debug|x64.Deploy.0 = Debug|Any CPU
		{8C219229-96D5-4280-8E08-6B07C77C3685}.Debug|x86.ActiveCfg = Debug|Any CPU
		{8C219229-96D5-4280-8E08-6B07C77C3685}.Debug|x86.Build.0 = Debug|Any CPU
		{8C219229-96D5-4280-8E08-6B07C77C3685}.Debug|x86.Deploy.0 = Debug|Any CPU
		{8C219229-96D5-4280-8E08-6B07C77C3685}.Release|Any CPU.ActiveCfg = Release|Any CPU
		{8C219229-96D5-4280-8E08-6B07C77C3685}.Release|Any CPU.Build.0 = Release|Any CPU
		{8C219229-96D5-4280-8E08-6B07C77C3685}.Release|Any CPU.Deploy.0 = Release|Any CPU
		{8C219229-96D5-4280-8E08-6B07C77C3685}.Release|ARM.ActiveCfg = Release|Any CPU
		{8C219229-96D5-4280-8E08-6B07C77C3685}.Release|ARM.Build.0 = Release|Any CPU
		{8C219229-96D5-4280-8E08-6B07C77C3685}.Release|ARM.Deploy.0 = Release|Any CPU
		{8C219229-96D5-4280-8E08-6B07C77C3685}.Release|iPhone.ActiveCfg = Release|Any CPU
		{8C219229-96D5-4280-8E08-6B07C77C3685}.Release|iPhone.Build.0 = Release|Any CPU
		{8C219229-96D5-4280-8E08-6B07C77C3685}.Release|iPhone.Deploy.0 = Release|Any CPU
		{8C219229-96D5-4280-8E08-6B07C77C3685}.Release|iPhoneSimulator.ActiveCfg = Release|Any CPU
		{8C219229-96D5-4280-8E08-6B07C77C3685}.Release|iPhoneSimulator.Build.0 = Release|Any CPU
		{8C219229-96D5-4280-8E08-6B07C77C3685}.Release|iPhoneSimulator.Deploy.0 = Release|Any CPU
		{8C219229-96D5-4280-8E08-6B07C77C3685}.Release|x64.ActiveCfg = Release|Any CPU
		{8C219229-96D5-4280-8E08-6B07C77C3685}.Release|x64.Build.0 = Release|Any CPU
		{8C219229-96D5-4280-8E08-6B07C77C3685}.Release|x64.Deploy.0 = Release|Any CPU
		{8C219229-96D5-4280-8E08-6B07C77C3685}.Release|x86.ActiveCfg = Release|Any CPU
		{8C219229-96D5-4280-8E08-6B07C77C3685}.Release|x86.Build.0 = Release|Any CPU
		{8C219229-96D5-4280-8E08-6B07C77C3685}.Release|x86.Deploy.0 = Release|Any CPU
		{B23FA72D-7930-4FD9-A4AB-4E944036F390}.Ad-Hoc|Any CPU.ActiveCfg = Ad-Hoc|iPhone
		{B23FA72D-7930-4FD9-A4AB-4E944036F390}.Ad-Hoc|Any CPU.Build.0 = Ad-Hoc|iPhone
		{B23FA72D-7930-4FD9-A4AB-4E944036F390}.Ad-Hoc|Any CPU.Deploy.0 = Ad-Hoc|iPhone
		{B23FA72D-7930-4FD9-A4AB-4E944036F390}.Ad-Hoc|ARM.ActiveCfg = Ad-Hoc|iPhone
		{B23FA72D-7930-4FD9-A4AB-4E944036F390}.Ad-Hoc|ARM.Build.0 = Ad-Hoc|iPhone
		{B23FA72D-7930-4FD9-A4AB-4E944036F390}.Ad-Hoc|ARM.Deploy.0 = Ad-Hoc|iPhone
		{B23FA72D-7930-4FD9-A4AB-4E944036F390}.Ad-Hoc|iPhone.ActiveCfg = Ad-Hoc|iPhone
		{B23FA72D-7930-4FD9-A4AB-4E944036F390}.Ad-Hoc|iPhone.Build.0 = Ad-Hoc|iPhone
		{B23FA72D-7930-4FD9-A4AB-4E944036F390}.Ad-Hoc|iPhone.Deploy.0 = Ad-Hoc|iPhone
		{B23FA72D-7930-4FD9-A4AB-4E944036F390}.Ad-Hoc|iPhoneSimulator.ActiveCfg = Ad-Hoc|iPhoneSimulator
		{B23FA72D-7930-4FD9-A4AB-4E944036F390}.Ad-Hoc|iPhoneSimulator.Build.0 = Ad-Hoc|iPhoneSimulator
		{B23FA72D-7930-4FD9-A4AB-4E944036F390}.Ad-Hoc|iPhoneSimulator.Deploy.0 = Ad-Hoc|iPhoneSimulator
		{B23FA72D-7930-4FD9-A4AB-4E944036F390}.Ad-Hoc|x64.ActiveCfg = Ad-Hoc|iPhone
		{B23FA72D-7930-4FD9-A4AB-4E944036F390}.Ad-Hoc|x64.Build.0 = Ad-Hoc|iPhone
		{B23FA72D-7930-4FD9-A4AB-4E944036F390}.Ad-Hoc|x64.Deploy.0 = Ad-Hoc|iPhone
		{B23FA72D-7930-4FD9-A4AB-4E944036F390}.Ad-Hoc|x86.ActiveCfg = Ad-Hoc|iPhone
		{B23FA72D-7930-4FD9-A4AB-4E944036F390}.Ad-Hoc|x86.Build.0 = Ad-Hoc|iPhone
		{B23FA72D-7930-4FD9-A4AB-4E944036F390}.Ad-Hoc|x86.Deploy.0 = Ad-Hoc|iPhone
		{B23FA72D-7930-4FD9-A4AB-4E944036F390}.AppStore|Any CPU.ActiveCfg = AppStore|iPhone
		{B23FA72D-7930-4FD9-A4AB-4E944036F390}.AppStore|Any CPU.Build.0 = AppStore|iPhone
		{B23FA72D-7930-4FD9-A4AB-4E944036F390}.AppStore|Any CPU.Deploy.0 = AppStore|iPhone
		{B23FA72D-7930-4FD9-A4AB-4E944036F390}.AppStore|ARM.ActiveCfg = AppStore|iPhone
		{B23FA72D-7930-4FD9-A4AB-4E944036F390}.AppStore|ARM.Build.0 = AppStore|iPhone
		{B23FA72D-7930-4FD9-A4AB-4E944036F390}.AppStore|ARM.Deploy.0 = AppStore|iPhone
		{B23FA72D-7930-4FD9-A4AB-4E944036F390}.AppStore|iPhone.ActiveCfg = AppStore|iPhone
		{B23FA72D-7930-4FD9-A4AB-4E944036F390}.AppStore|iPhone.Build.0 = AppStore|iPhone
		{B23FA72D-7930-4FD9-A4AB-4E944036F390}.AppStore|iPhone.Deploy.0 = AppStore|iPhone
		{B23FA72D-7930-4FD9-A4AB-4E944036F390}.AppStore|iPhoneSimulator.ActiveCfg = AppStore|iPhoneSimulator
		{B23FA72D-7930-4FD9-A4AB-4E944036F390}.AppStore|iPhoneSimulator.Build.0 = AppStore|iPhoneSimulator
		{B23FA72D-7930-4FD9-A4AB-4E944036F390}.AppStore|iPhoneSimulator.Deploy.0 = AppStore|iPhoneSimulator
		{B23FA72D-7930-4FD9-A4AB-4E944036F390}.AppStore|x64.ActiveCfg = AppStore|iPhone
		{B23FA72D-7930-4FD9-A4AB-4E944036F390}.AppStore|x64.Build.0 = AppStore|iPhone
		{B23FA72D-7930-4FD9-A4AB-4E944036F390}.AppStore|x64.Deploy.0 = AppStore|iPhone
		{B23FA72D-7930-4FD9-A4AB-4E944036F390}.AppStore|x86.ActiveCfg = AppStore|iPhone
		{B23FA72D-7930-4FD9-A4AB-4E944036F390}.AppStore|x86.Build.0 = AppStore|iPhone
		{B23FA72D-7930-4FD9-A4AB-4E944036F390}.AppStore|x86.Deploy.0 = AppStore|iPhone
		{B23FA72D-7930-4FD9-A4AB-4E944036F390}.Debug|Any CPU.ActiveCfg = Debug|iPhoneSimulator
		{B23FA72D-7930-4FD9-A4AB-4E944036F390}.Debug|Any CPU.Build.0 = Debug|iPhoneSimulator
		{B23FA72D-7930-4FD9-A4AB-4E944036F390}.Debug|Any CPU.Deploy.0 = Debug|iPhoneSimulator
		{B23FA72D-7930-4FD9-A4AB-4E944036F390}.Debug|ARM.ActiveCfg = Debug|iPhone
		{B23FA72D-7930-4FD9-A4AB-4E944036F390}.Debug|ARM.Build.0 = Debug|iPhone
		{B23FA72D-7930-4FD9-A4AB-4E944036F390}.Debug|ARM.Deploy.0 = Debug|iPhone
		{B23FA72D-7930-4FD9-A4AB-4E944036F390}.Debug|iPhone.ActiveCfg = Debug|iPhone
		{B23FA72D-7930-4FD9-A4AB-4E944036F390}.Debug|iPhone.Build.0 = Debug|iPhone
		{B23FA72D-7930-4FD9-A4AB-4E944036F390}.Debug|iPhone.Deploy.0 = Debug|iPhone
		{B23FA72D-7930-4FD9-A4AB-4E944036F390}.Debug|iPhoneSimulator.ActiveCfg = Debug|iPhoneSimulator
		{B23FA72D-7930-4FD9-A4AB-4E944036F390}.Debug|iPhoneSimulator.Build.0 = Debug|iPhoneSimulator
		{B23FA72D-7930-4FD9-A4AB-4E944036F390}.Debug|iPhoneSimulator.Deploy.0 = Debug|iPhoneSimulator
		{B23FA72D-7930-4FD9-A4AB-4E944036F390}.Debug|x64.ActiveCfg = Debug|iPhone
		{B23FA72D-7930-4FD9-A4AB-4E944036F390}.Debug|x64.Build.0 = Debug|iPhone
		{B23FA72D-7930-4FD9-A4AB-4E944036F390}.Debug|x64.Deploy.0 = Debug|iPhone
		{B23FA72D-7930-4FD9-A4AB-4E944036F390}.Debug|x86.ActiveCfg = Debug|iPhone
		{B23FA72D-7930-4FD9-A4AB-4E944036F390}.Debug|x86.Build.0 = Debug|iPhone
		{B23FA72D-7930-4FD9-A4AB-4E944036F390}.Debug|x86.Deploy.0 = Debug|iPhone
		{B23FA72D-7930-4FD9-A4AB-4E944036F390}.Release|Any CPU.ActiveCfg = Release|iPhone
		{B23FA72D-7930-4FD9-A4AB-4E944036F390}.Release|Any CPU.Build.0 = Release|iPhone
		{B23FA72D-7930-4FD9-A4AB-4E944036F390}.Release|Any CPU.Deploy.0 = Release|iPhone
		{B23FA72D-7930-4FD9-A4AB-4E944036F390}.Release|ARM.ActiveCfg = Release|iPhone
		{B23FA72D-7930-4FD9-A4AB-4E944036F390}.Release|ARM.Build.0 = Release|iPhone
		{B23FA72D-7930-4FD9-A4AB-4E944036F390}.Release|ARM.Deploy.0 = Release|iPhone
		{B23FA72D-7930-4FD9-A4AB-4E944036F390}.Release|iPhone.ActiveCfg = Release|iPhone
		{B23FA72D-7930-4FD9-A4AB-4E944036F390}.Release|iPhone.Build.0 = Release|iPhone
		{B23FA72D-7930-4FD9-A4AB-4E944036F390}.Release|iPhone.Deploy.0 = Release|iPhone
		{B23FA72D-7930-4FD9-A4AB-4E944036F390}.Release|iPhoneSimulator.ActiveCfg = Release|iPhoneSimulator
		{B23FA72D-7930-4FD9-A4AB-4E944036F390}.Release|iPhoneSimulator.Build.0 = Release|iPhoneSimulator
		{B23FA72D-7930-4FD9-A4AB-4E944036F390}.Release|iPhoneSimulator.Deploy.0 = Release|iPhoneSimulator
		{B23FA72D-7930-4FD9-A4AB-4E944036F390}.Release|x64.ActiveCfg = Release|iPhone
		{B23FA72D-7930-4FD9-A4AB-4E944036F390}.Release|x64.Build.0 = Release|iPhone
		{B23FA72D-7930-4FD9-A4AB-4E944036F390}.Release|x64.Deploy.0 = Release|iPhone
		{B23FA72D-7930-4FD9-A4AB-4E944036F390}.Release|x86.ActiveCfg = Release|iPhone
		{B23FA72D-7930-4FD9-A4AB-4E944036F390}.Release|x86.Build.0 = Release|iPhone
		{B23FA72D-7930-4FD9-A4AB-4E944036F390}.Release|x86.Deploy.0 = Release|iPhone
		{6B4C1830-9C06-47DF-A933-7424D8FE0DD1}.Ad-Hoc|Any CPU.ActiveCfg = Release|x86
		{6B4C1830-9C06-47DF-A933-7424D8FE0DD1}.Ad-Hoc|Any CPU.Build.0 = Release|x86
		{6B4C1830-9C06-47DF-A933-7424D8FE0DD1}.Ad-Hoc|Any CPU.Deploy.0 = Release|x86
		{6B4C1830-9C06-47DF-A933-7424D8FE0DD1}.Ad-Hoc|ARM.ActiveCfg = Release|ARM
		{6B4C1830-9C06-47DF-A933-7424D8FE0DD1}.Ad-Hoc|ARM.Build.0 = Release|ARM
		{6B4C1830-9C06-47DF-A933-7424D8FE0DD1}.Ad-Hoc|ARM.Deploy.0 = Release|ARM
		{6B4C1830-9C06-47DF-A933-7424D8FE0DD1}.Ad-Hoc|iPhone.ActiveCfg = Release|x86
		{6B4C1830-9C06-47DF-A933-7424D8FE0DD1}.Ad-Hoc|iPhone.Build.0 = Release|x86
		{6B4C1830-9C06-47DF-A933-7424D8FE0DD1}.Ad-Hoc|iPhone.Deploy.0 = Release|x86
		{6B4C1830-9C06-47DF-A933-7424D8FE0DD1}.Ad-Hoc|iPhoneSimulator.ActiveCfg = Release|x86
		{6B4C1830-9C06-47DF-A933-7424D8FE0DD1}.Ad-Hoc|iPhoneSimulator.Build.0 = Release|x86
		{6B4C1830-9C06-47DF-A933-7424D8FE0DD1}.Ad-Hoc|iPhoneSimulator.Deploy.0 = Release|x86
		{6B4C1830-9C06-47DF-A933-7424D8FE0DD1}.Ad-Hoc|x64.ActiveCfg = Release|x64
		{6B4C1830-9C06-47DF-A933-7424D8FE0DD1}.Ad-Hoc|x64.Build.0 = Release|x64
		{6B4C1830-9C06-47DF-A933-7424D8FE0DD1}.Ad-Hoc|x64.Deploy.0 = Release|x64
		{6B4C1830-9C06-47DF-A933-7424D8FE0DD1}.Ad-Hoc|x86.ActiveCfg = Release|x86
		{6B4C1830-9C06-47DF-A933-7424D8FE0DD1}.Ad-Hoc|x86.Build.0 = Release|x86
		{6B4C1830-9C06-47DF-A933-7424D8FE0DD1}.Ad-Hoc|x86.Deploy.0 = Release|x86
		{6B4C1830-9C06-47DF-A933-7424D8FE0DD1}.AppStore|Any CPU.ActiveCfg = Release|x86
		{6B4C1830-9C06-47DF-A933-7424D8FE0DD1}.AppStore|Any CPU.Build.0 = Release|x86
		{6B4C1830-9C06-47DF-A933-7424D8FE0DD1}.AppStore|Any CPU.Deploy.0 = Release|x86
		{6B4C1830-9C06-47DF-A933-7424D8FE0DD1}.AppStore|ARM.ActiveCfg = Release|ARM
		{6B4C1830-9C06-47DF-A933-7424D8FE0DD1}.AppStore|ARM.Build.0 = Release|ARM
		{6B4C1830-9C06-47DF-A933-7424D8FE0DD1}.AppStore|ARM.Deploy.0 = Release|ARM
		{6B4C1830-9C06-47DF-A933-7424D8FE0DD1}.AppStore|iPhone.ActiveCfg = Release|x86
		{6B4C1830-9C06-47DF-A933-7424D8FE0DD1}.AppStore|iPhone.Build.0 = Release|x86
		{6B4C1830-9C06-47DF-A933-7424D8FE0DD1}.AppStore|iPhone.Deploy.0 = Release|x86
		{6B4C1830-9C06-47DF-A933-7424D8FE0DD1}.AppStore|iPhoneSimulator.ActiveCfg = Release|x86
		{6B4C1830-9C06-47DF-A933-7424D8FE0DD1}.AppStore|iPhoneSimulator.Build.0 = Release|x86
		{6B4C1830-9C06-47DF-A933-7424D8FE0DD1}.AppStore|iPhoneSimulator.Deploy.0 = Release|x86
		{6B4C1830-9C06-47DF-A933-7424D8FE0DD1}.AppStore|x64.ActiveCfg = Release|x64
		{6B4C1830-9C06-47DF-A933-7424D8FE0DD1}.AppStore|x64.Build.0 = Release|x64
		{6B4C1830-9C06-47DF-A933-7424D8FE0DD1}.AppStore|x64.Deploy.0 = Release|x64
		{6B4C1830-9C06-47DF-A933-7424D8FE0DD1}.AppStore|x86.ActiveCfg = Release|x86
		{6B4C1830-9C06-47DF-A933-7424D8FE0DD1}.AppStore|x86.Build.0 = Release|x86
		{6B4C1830-9C06-47DF-A933-7424D8FE0DD1}.AppStore|x86.Deploy.0 = Release|x86
		{6B4C1830-9C06-47DF-A933-7424D8FE0DD1}.Debug|Any CPU.ActiveCfg = Debug|x86
		{6B4C1830-9C06-47DF-A933-7424D8FE0DD1}.Debug|Any CPU.Build.0 = Debug|x86
		{6B4C1830-9C06-47DF-A933-7424D8FE0DD1}.Debug|Any CPU.Deploy.0 = Debug|x86
		{6B4C1830-9C06-47DF-A933-7424D8FE0DD1}.Debug|ARM.ActiveCfg = Debug|ARM
		{6B4C1830-9C06-47DF-A933-7424D8FE0DD1}.Debug|ARM.Build.0 = Debug|ARM
		{6B4C1830-9C06-47DF-A933-7424D8FE0DD1}.Debug|ARM.Deploy.0 = Debug|ARM
		{6B4C1830-9C06-47DF-A933-7424D8FE0DD1}.Debug|iPhone.ActiveCfg = Debug|x86
		{6B4C1830-9C06-47DF-A933-7424D8FE0DD1}.Debug|iPhone.Build.0 = Debug|x86
		{6B4C1830-9C06-47DF-A933-7424D8FE0DD1}.Debug|iPhone.Deploy.0 = Debug|x86
		{6B4C1830-9C06-47DF-A933-7424D8FE0DD1}.Debug|iPhoneSimulator.ActiveCfg = Debug|x86
		{6B4C1830-9C06-47DF-A933-7424D8FE0DD1}.Debug|iPhoneSimulator.Build.0 = Debug|x86
		{6B4C1830-9C06-47DF-A933-7424D8FE0DD1}.Debug|iPhoneSimulator.Deploy.0 = Debug|x86
		{6B4C1830-9C06-47DF-A933-7424D8FE0DD1}.Debug|x64.ActiveCfg = Debug|x64
		{6B4C1830-9C06-47DF-A933-7424D8FE0DD1}.Debug|x64.Build.0 = Debug|x64
		{6B4C1830-9C06-47DF-A933-7424D8FE0DD1}.Debug|x64.Deploy.0 = Debug|x64
		{6B4C1830-9C06-47DF-A933-7424D8FE0DD1}.Debug|x86.ActiveCfg = Debug|x86
		{6B4C1830-9C06-47DF-A933-7424D8FE0DD1}.Debug|x86.Build.0 = Debug|x86
		{6B4C1830-9C06-47DF-A933-7424D8FE0DD1}.Debug|x86.Deploy.0 = Debug|x86
		{6B4C1830-9C06-47DF-A933-7424D8FE0DD1}.Release|Any CPU.ActiveCfg = Release|x86
		{6B4C1830-9C06-47DF-A933-7424D8FE0DD1}.Release|Any CPU.Build.0 = Release|x86
		{6B4C1830-9C06-47DF-A933-7424D8FE0DD1}.Release|Any CPU.Deploy.0 = Release|x86
		{6B4C1830-9C06-47DF-A933-7424D8FE0DD1}.Release|ARM.ActiveCfg = Release|ARM
		{6B4C1830-9C06-47DF-A933-7424D8FE0DD1}.Release|ARM.Build.0 = Release|ARM
		{6B4C1830-9C06-47DF-A933-7424D8FE0DD1}.Release|ARM.Deploy.0 = Release|ARM
		{6B4C1830-9C06-47DF-A933-7424D8FE0DD1}.Release|iPhone.ActiveCfg = Release|x86
		{6B4C1830-9C06-47DF-A933-7424D8FE0DD1}.Release|iPhone.Build.0 = Release|x86
		{6B4C1830-9C06-47DF-A933-7424D8FE0DD1}.Release|iPhone.Deploy.0 = Release|x86
		{6B4C1830-9C06-47DF-A933-7424D8FE0DD1}.Release|iPhoneSimulator.ActiveCfg = Release|x86
		{6B4C1830-9C06-47DF-A933-7424D8FE0DD1}.Release|iPhoneSimulator.Build.0 = Release|x86
		{6B4C1830-9C06-47DF-A933-7424D8FE0DD1}.Release|iPhoneSimulator.Deploy.0 = Release|x86
		{6B4C1830-9C06-47DF-A933-7424D8FE0DD1}.Release|x64.ActiveCfg = Release|x64
		{6B4C1830-9C06-47DF-A933-7424D8FE0DD1}.Release|x64.Build.0 = Release|x64
		{6B4C1830-9C06-47DF-A933-7424D8FE0DD1}.Release|x64.Deploy.0 = Release|x64
		{6B4C1830-9C06-47DF-A933-7424D8FE0DD1}.Release|x86.ActiveCfg = Release|x86
		{6B4C1830-9C06-47DF-A933-7424D8FE0DD1}.Release|x86.Build.0 = Release|x86
		{6B4C1830-9C06-47DF-A933-7424D8FE0DD1}.Release|x86.Deploy.0 = Release|x86
		{D79608C5-4FF7-4CCD-8609-578AAEA3830F}.Ad-Hoc|Any CPU.ActiveCfg = Debug|Any CPU
		{D79608C5-4FF7-4CCD-8609-578AAEA3830F}.Ad-Hoc|Any CPU.Build.0 = Debug|Any CPU
		{D79608C5-4FF7-4CCD-8609-578AAEA3830F}.Ad-Hoc|Any CPU.Deploy.0 = Debug|Any CPU
		{D79608C5-4FF7-4CCD-8609-578AAEA3830F}.Ad-Hoc|ARM.ActiveCfg = Debug|Any CPU
		{D79608C5-4FF7-4CCD-8609-578AAEA3830F}.Ad-Hoc|ARM.Build.0 = Debug|Any CPU
		{D79608C5-4FF7-4CCD-8609-578AAEA3830F}.Ad-Hoc|ARM.Deploy.0 = Debug|Any CPU
		{D79608C5-4FF7-4CCD-8609-578AAEA3830F}.Ad-Hoc|iPhone.ActiveCfg = Debug|Any CPU
		{D79608C5-4FF7-4CCD-8609-578AAEA3830F}.Ad-Hoc|iPhone.Build.0 = Debug|Any CPU
		{D79608C5-4FF7-4CCD-8609-578AAEA3830F}.Ad-Hoc|iPhone.Deploy.0 = Debug|Any CPU
		{D79608C5-4FF7-4CCD-8609-578AAEA3830F}.Ad-Hoc|iPhoneSimulator.ActiveCfg = Debug|Any CPU
		{D79608C5-4FF7-4CCD-8609-578AAEA3830F}.Ad-Hoc|iPhoneSimulator.Build.0 = Debug|Any CPU
		{D79608C5-4FF7-4CCD-8609-578AAEA3830F}.Ad-Hoc|iPhoneSimulator.Deploy.0 = Debug|Any CPU
		{D79608C5-4FF7-4CCD-8609-578AAEA3830F}.Ad-Hoc|x64.ActiveCfg = Debug|Any CPU
		{D79608C5-4FF7-4CCD-8609-578AAEA3830F}.Ad-Hoc|x64.Build.0 = Debug|Any CPU
		{D79608C5-4FF7-4CCD-8609-578AAEA3830F}.Ad-Hoc|x64.Deploy.0 = Debug|Any CPU
		{D79608C5-4FF7-4CCD-8609-578AAEA3830F}.Ad-Hoc|x86.ActiveCfg = Debug|Any CPU
		{D79608C5-4FF7-4CCD-8609-578AAEA3830F}.Ad-Hoc|x86.Build.0 = Debug|Any CPU
		{D79608C5-4FF7-4CCD-8609-578AAEA3830F}.Ad-Hoc|x86.Deploy.0 = Debug|Any CPU
		{D79608C5-4FF7-4CCD-8609-578AAEA3830F}.AppStore|Any CPU.ActiveCfg = Debug|Any CPU
		{D79608C5-4FF7-4CCD-8609-578AAEA3830F}.AppStore|Any CPU.Build.0 = Debug|Any CPU
		{D79608C5-4FF7-4CCD-8609-578AAEA3830F}.AppStore|Any CPU.Deploy.0 = Debug|Any CPU
		{D79608C5-4FF7-4CCD-8609-578AAEA3830F}.AppStore|ARM.ActiveCfg = Debug|Any CPU
		{D79608C5-4FF7-4CCD-8609-578AAEA3830F}.AppStore|ARM.Build.0 = Debug|Any CPU
		{D79608C5-4FF7-4CCD-8609-578AAEA3830F}.AppStore|ARM.Deploy.0 = Debug|Any CPU
		{D79608C5-4FF7-4CCD-8609-578AAEA3830F}.AppStore|iPhone.ActiveCfg = Debug|Any CPU
		{D79608C5-4FF7-4CCD-8609-578AAEA3830F}.AppStore|iPhone.Build.0 = Debug|Any CPU
		{D79608C5-4FF7-4CCD-8609-578AAEA3830F}.AppStore|iPhone.Deploy.0 = Debug|Any CPU
		{D79608C5-4FF7-4CCD-8609-578AAEA3830F}.AppStore|iPhoneSimulator.ActiveCfg = Debug|Any CPU
		{D79608C5-4FF7-4CCD-8609-578AAEA3830F}.AppStore|iPhoneSimulator.Build.0 = Debug|Any CPU
		{D79608C5-4FF7-4CCD-8609-578AAEA3830F}.AppStore|iPhoneSimulator.Deploy.0 = Debug|Any CPU
		{D79608C5-4FF7-4CCD-8609-578AAEA3830F}.AppStore|x64.ActiveCfg = Debug|Any CPU
		{D79608C5-4FF7-4CCD-8609-578AAEA3830F}.AppStore|x64.Build.0 = Debug|Any CPU
		{D79608C5-4FF7-4CCD-8609-578AAEA3830F}.AppStore|x64.Deploy.0 = Debug|Any CPU
		{D79608C5-4FF7-4CCD-8609-578AAEA3830F}.AppStore|x86.ActiveCfg = Debug|Any CPU
		{D79608C5-4FF7-4CCD-8609-578AAEA3830F}.AppStore|x86.Build.0 = Debug|Any CPU
		{D79608C5-4FF7-4CCD-8609-578AAEA3830F}.AppStore|x86.Deploy.0 = Debug|Any CPU
		{D79608C5-4FF7-4CCD-8609-578AAEA3830F}.Debug|Any CPU.ActiveCfg = Debug|Any CPU
		{D79608C5-4FF7-4CCD-8609-578AAEA3830F}.Debug|Any CPU.Build.0 = Debug|Any CPU
		{D79608C5-4FF7-4CCD-8609-578AAEA3830F}.Debug|Any CPU.Deploy.0 = Debug|Any CPU
		{D79608C5-4FF7-4CCD-8609-578AAEA3830F}.Debug|ARM.ActiveCfg = Debug|Any CPU
		{D79608C5-4FF7-4CCD-8609-578AAEA3830F}.Debug|ARM.Build.0 = Debug|Any CPU
		{D79608C5-4FF7-4CCD-8609-578AAEA3830F}.Debug|ARM.Deploy.0 = Debug|Any CPU
		{D79608C5-4FF7-4CCD-8609-578AAEA3830F}.Debug|iPhone.ActiveCfg = Debug|Any CPU
		{D79608C5-4FF7-4CCD-8609-578AAEA3830F}.Debug|iPhone.Build.0 = Debug|Any CPU
		{D79608C5-4FF7-4CCD-8609-578AAEA3830F}.Debug|iPhone.Deploy.0 = Debug|Any CPU
		{D79608C5-4FF7-4CCD-8609-578AAEA3830F}.Debug|iPhoneSimulator.ActiveCfg = Debug|Any CPU
		{D79608C5-4FF7-4CCD-8609-578AAEA3830F}.Debug|iPhoneSimulator.Build.0 = Debug|Any CPU
		{D79608C5-4FF7-4CCD-8609-578AAEA3830F}.Debug|iPhoneSimulator.Deploy.0 = Debug|Any CPU
		{D79608C5-4FF7-4CCD-8609-578AAEA3830F}.Debug|x64.ActiveCfg = Debug|Any CPU
		{D79608C5-4FF7-4CCD-8609-578AAEA3830F}.Debug|x64.Build.0 = Debug|Any CPU
		{D79608C5-4FF7-4CCD-8609-578AAEA3830F}.Debug|x64.Deploy.0 = Debug|Any CPU
		{D79608C5-4FF7-4CCD-8609-578AAEA3830F}.Debug|x86.ActiveCfg = Debug|Any CPU
		{D79608C5-4FF7-4CCD-8609-578AAEA3830F}.Debug|x86.Build.0 = Debug|Any CPU
		{D79608C5-4FF7-4CCD-8609-578AAEA3830F}.Debug|x86.Deploy.0 = Debug|Any CPU
		{D79608C5-4FF7-4CCD-8609-578AAEA3830F}.Release|Any CPU.ActiveCfg = Release|Any CPU
		{D79608C5-4FF7-4CCD-8609-578AAEA3830F}.Release|Any CPU.Build.0 = Release|Any CPU
		{D79608C5-4FF7-4CCD-8609-578AAEA3830F}.Release|Any CPU.Deploy.0 = Release|Any CPU
		{D79608C5-4FF7-4CCD-8609-578AAEA3830F}.Release|ARM.ActiveCfg = Release|Any CPU
		{D79608C5-4FF7-4CCD-8609-578AAEA3830F}.Release|ARM.Build.0 = Release|Any CPU
		{D79608C5-4FF7-4CCD-8609-578AAEA3830F}.Release|ARM.Deploy.0 = Release|Any CPU
		{D79608C5-4FF7-4CCD-8609-578AAEA3830F}.Release|iPhone.ActiveCfg = Release|Any CPU
		{D79608C5-4FF7-4CCD-8609-578AAEA3830F}.Release|iPhone.Build.0 = Release|Any CPU
		{D79608C5-4FF7-4CCD-8609-578AAEA3830F}.Release|iPhone.Deploy.0 = Release|Any CPU
		{D79608C5-4FF7-4CCD-8609-578AAEA3830F}.Release|iPhoneSimulator.ActiveCfg = Release|Any CPU
		{D79608C5-4FF7-4CCD-8609-578AAEA3830F}.Release|iPhoneSimulator.Build.0 = Release|Any CPU
		{D79608C5-4FF7-4CCD-8609-578AAEA3830F}.Release|iPhoneSimulator.Deploy.0 = Release|Any CPU
		{D79608C5-4FF7-4CCD-8609-578AAEA3830F}.Release|x64.ActiveCfg = Release|Any CPU
		{D79608C5-4FF7-4CCD-8609-578AAEA3830F}.Release|x64.Build.0 = Release|Any CPU
		{D79608C5-4FF7-4CCD-8609-578AAEA3830F}.Release|x64.Deploy.0 = Release|Any CPU
		{D79608C5-4FF7-4CCD-8609-578AAEA3830F}.Release|x86.ActiveCfg = Release|Any CPU
		{D79608C5-4FF7-4CCD-8609-578AAEA3830F}.Release|x86.Build.0 = Release|Any CPU
		{D79608C5-4FF7-4CCD-8609-578AAEA3830F}.Release|x86.Deploy.0 = Release|Any CPU
	EndGlobalSection
	GlobalSection(SolutionProperties) = preSolution
		HideSolutionNode = FALSE
	EndGlobalSection
	GlobalSection(ExtensibilityGlobals) = postSolution
		SolutionGuid = {19939B4D-C88A-4D46-B89C-161BFB411172}
	EndGlobalSection
EndGlobal
